
Microsoft Visual Studio Solution File, Format Version 12.00
# Visual Studio Version 17
VisualStudioVersion = 17.4.33122.133
MinimumVisualStudioVersion = 10.0.40219.1
Project("{FAE04EC0-301F-11D3-BF4B-00C04F79EFBC}") = "MvcFileVersionHelper", "MvcFileVersionHelper\MvcFileVersionHelper.csproj", "{0CD4F671-8EB6-4152-86C4-40B39F6FBA09}"
EndProject
Global
	GlobalSection(SolutionConfigurationPlatforms) = preSolution
		Debug|Any CPU = Debug|Any CPU
		Release|Any CPU = Release|Any CPU
	EndGlobalSection
	GlobalSection(ProjectConfigurationPlatforms) = postSolution
		{0CD4F671-8EB6-4152-86C4-40B39F6FBA09}.Debug|Any CPU.ActiveCfg = Debug|Any CPU
		{0CD4F671-8EB6-4152-86C4-40B39F6FBA09}.Debug|Any CPU.Build.0 = Debug|Any CPU
		{0CD4F671-8EB6-4152-86C4-40B39F6FBA09}.Release|Any CPU.ActiveCfg = Release|Any CPU
		{0CD4F671-8EB6-4152-86C4-40B39F6FBA09}.Release|Any CPU.Build.0 = Release|Any CPU
	EndGlobalSection
	GlobalSection(SolutionProperties) = preSolution
		HideSolutionNode = FALSE
	EndGlobalSection
	GlobalSection(ExtensibilityGlobals) = postSolution
		SolutionGuid = {D06DA65F-D117-4A54-8012-93D12B0E09FB}
	EndGlobalSection
EndGlobal
